{
  "name": "three-dom-texture",
  "version": "0.0.5",
  "lockfileVersion": 1,
  "requires": true,
  "dependencies": {
    "commander": {
      "version": "2.12.2",
      "resolved": "https://registry.npmjs.org/commander/-/commander-2.12.2.tgz",
      "integrity": "sha512-BFnaq5ZOGcDN7FlrtBT4xxkgIToalIIxwjxLWVJ8bGTpe1LroqMiqQXdA7ygc7CRvaYS+9zfPGFnJqFSayx+AA==",
      "dev": true
    },
    "rollup": {
      "version": "0.53.3",
      "resolved": "https://registry.npmjs.org/rollup/-/rollup-0.53.3.tgz",
      "integrity": "sha512-MADFV0jpoh1QDB6U0U6YamGihGetxHEYgwTcGsc7map6JFIydPEfGNshK+ozxv1RKeUOQKn1vRb85IAcdjL22Q==",
      "dev": true
    },
    "rollup-plugin-uglify": {
      "version": "2.0.1",
      "resolved": "https://registry.npmjs.org/rollup-plugin-uglify/-/rollup-plugin-uglify-2.0.1.tgz",
      "integrity": "sha1-Z7N60e/a+9g69MNrQMGJ7khmyWk=",
      "dev": true,
      "requires": {
        "uglify-js": "^3.0.9"
      }
    },
    "source-map": {
      "version": "0.6.1",
      "resolved": "https://registry.npmjs.org/source-map/-/source-map-0.6.1.tgz",
      "integrity": "sha512-UjgapumWlbMhkBgzT7Ykc5YXUT46F0iKu8SGXq0bcwP5dz/h0Plj6enJqjz1Zbq2l5WaqYnrVbwWOWMyF3F47g==",
      "dev": true
    },
    "three": {
      "version": "0.115.0",
      "resolved": "https://registry.npmjs.org/three/-/three-0.115.0.tgz",
      "integrity": "sha512-mAV2Ky3RdcbdSbR9capI+tKLvRldWYxd4151PZTT/o7+U2jh9Is3a4KmnYwzyUAhB2ZA3pXSgCd2DOY4Tj5kow==",
      "dev": true
    },
    "uglify-js": {
      "version": "3.3.5",
      "resolved": "https://registry.npmjs.org/uglify-js/-/uglify-js-3.3.5.tgz",
      "integrity": "sha512-ZebM2kgBL/UI9rKeAbsS2J0UPPv7SBy5hJNZml/YxB1zC6JK8IztcPs+cxilE4pu0li6vadVSFqiO7xFTKuSrg==",
      "dev": true,
      "requires": {
        "commander": "~2.12.1",
        "source-map": "~0.6.1"
      }
    }
  }
}
